
Microsoft Visual Studio Solution File, Format Version 12.00
# Visual Studio Version 16
VisualStudioVersion = 16.0.30011.22
MinimumVisualStudioVersion = 10.0.40219.1
Project("{FAE04EC0-301F-11D3-BF4B-00C04F79EFBC}") = "ID3V2-Editor-UI", "ID3V2-Editor-UI\ID3V2-Editor-UI.csproj", "{77FD2414-5C91-46AC-AE39-E3643BA4B16B}"
EndProject
Project("{FAE04EC0-301F-11D3-BF4B-00C04F79EFBC}") = "ID3V2-ClassLibrary", "ID3V2-ClassLibrary\ID3V2-ClassLibrary.csproj", "{9BFEC8BB-9CBF-4BC0-B416-BB24D4EC6FD0}"
EndProject
Global
	GlobalSection(SolutionConfigurationPlatforms) = preSolution
		Debug|Any CPU = Debug|Any CPU
		Release|Any CPU = Release|Any CPU
	EndGlobalSection
	GlobalSection(ProjectConfigurationPlatforms) = postSolution
		{77FD2414-5C91-46AC-AE39-E3643BA4B16B}.Debug|Any CPU.ActiveCfg = Debug|Any CPU
		{77FD2414-5C91-46AC-AE39-E3643BA4B16B}.Debug|Any CPU.Build.0 = Debug|Any CPU
		{77FD2414-5C91-46AC-AE39-E3643BA4B16B}.Release|Any CPU.ActiveCfg = Release|Any CPU
		{77FD2414-5C91-46AC-AE39-E3643BA4B16B}.Release|Any CPU.Build.0 = Release|Any CPU
		{9BFEC8BB-9CBF-4BC0-B416-BB24D4EC6FD0}.Debug|Any CPU.ActiveCfg = Debug|Any CPU
		{9BFEC8BB-9CBF-4BC0-B416-BB24D4EC6FD0}.Debug|Any CPU.Build.0 = Debug|Any CPU
		{9BFEC8BB-9CBF-4BC0-B416-BB24D4EC6FD0}.Release|Any CPU.ActiveCfg = Release|Any CPU
		{9BFEC8BB-9CBF-4BC0-B416-BB24D4EC6FD0}.Release|Any CPU.Build.0 = Release|Any CPU
	EndGlobalSection
	GlobalSection(SolutionProperties) = preSolution
		HideSolutionNode = FALSE
	EndGlobalSection
	GlobalSection(ExtensibilityGlobals) = postSolution
		SolutionGuid = {4B620969-64FE-4B2B-828E-655E3EC05C2C}
	EndGlobalSection
EndGlobal
